
Microsoft Visual Studio Solution File, Format Version 12.00
# Visual Studio Version 16
VisualStudioVersion = 16.0.30523.141
MinimumVisualStudioVersion = 10.0.40219.1
Project("{FAE04EC0-301F-11D3-BF4B-00C04F79EFBC}") = "DER.WebApp", "DER.WebApp\DER.WebApp.csproj", "{884925BB-11A3-465F-9E3A-11D5BA422F45}"
EndProject
Global
	GlobalSection(SolutionConfigurationPlatforms) = preSolution
		Debug|Any CPU = Debug|Any CPU
		Release|Any CPU = Release|Any CPU
	EndGlobalSection
	GlobalSection(ProjectConfigurationPlatforms) = postSolution
		{884925BB-11A3-465F-9E3A-11D5BA422F45}.Debug|Any CPU.ActiveCfg = Debug|Any CPU
		{884925BB-11A3-465F-9E3A-11D5BA422F45}.Debug|Any CPU.Build.0 = Debug|Any CPU
		{884925BB-11A3-465F-9E3A-11D5BA422F45}.Release|Any CPU.ActiveCfg = Release|Any CPU
		{884925BB-11A3-465F-9E3A-11D5BA422F45}.Release|Any CPU.Build.0 = Release|Any CPU
	EndGlobalSection
	GlobalSection(SolutionProperties) = preSolution
		HideSolutionNode = FALSE
	EndGlobalSection
	GlobalSection(ExtensibilityGlobals) = postSolution
		SolutionGuid = {CAF9C11E-1355-4BD6-87EE-54A278AE4A58}
	EndGlobalSection
EndGlobal
